
Microsoft Visual Studio Solution File, Format Version 12.00
# Visual Studio Version 17
VisualStudioVersion = 17.6.33717.318
MinimumVisualStudioVersion = 10.0.40219.1
Project("{FAE04EC0-301F-11D3-BF4B-00C04F79EFBC}") = "ConsoleApp1", "ConsoleApp1.csproj", "{097E6098-AFEC-4E42-A270-FCD9176598F6}"
EndProject
Global
	GlobalSection(SolutionConfigurationPlatforms) = preSolution
		Debug|Any CPU = Debug|Any CPU
		Release|Any CPU = Release|Any CPU
	EndGlobalSection
	GlobalSection(ProjectConfigurationPlatforms) = postSolution
		{097E6098-AFEC-4E42-A270-FCD9176598F6}.Debug|Any CPU.ActiveCfg = Debug|Any CPU
		{097E6098-AFEC-4E42-A270-FCD9176598F6}.Debug|Any CPU.Build.0 = Debug|Any CPU
		{097E6098-AFEC-4E42-A270-FCD9176598F6}.Release|Any CPU.ActiveCfg = Release|Any CPU
		{097E6098-AFEC-4E42-A270-FCD9176598F6}.Release|Any CPU.Build.0 = Release|Any CPU
	EndGlobalSection
	GlobalSection(SolutionProperties) = preSolution
		HideSolutionNode = FALSE
	EndGlobalSection
	GlobalSection(ExtensibilityGlobals) = postSolution
		SolutionGuid = {DC7877B2-0EA0-4C29-BD91-270FBE7325DD}
	EndGlobalSection
EndGlobal
