
Microsoft Visual Studio Solution File, Format Version 12.00
# Visual Studio Version 17
VisualStudioVersion = 17.6.33717.318
MinimumVisualStudioVersion = 10.0.40219.1
Project("{FAE04EC0-301F-11D3-BF4B-00C04F79EFBC}") = "EndpointSelectionOrder", "EndpointSelectionOrder.csproj", "{03F36D16-87E3-460C-A860-F3AD0A0B5CD5}"
EndProject
Global
	GlobalSection(SolutionConfigurationPlatforms) = preSolution
		Debug|Any CPU = Debug|Any CPU
		Release|Any CPU = Release|Any CPU
	EndGlobalSection
	GlobalSection(ProjectConfigurationPlatforms) = postSolution
		{03F36D16-87E3-460C-A860-F3AD0A0B5CD5}.Debug|Any CPU.ActiveCfg = Debug|Any CPU
		{03F36D16-87E3-460C-A860-F3AD0A0B5CD5}.Debug|Any CPU.Build.0 = Debug|Any CPU
		{03F36D16-87E3-460C-A860-F3AD0A0B5CD5}.Release|Any CPU.ActiveCfg = Release|Any CPU
		{03F36D16-87E3-460C-A860-F3AD0A0B5CD5}.Release|Any CPU.Build.0 = Release|Any CPU
	EndGlobalSection
	GlobalSection(SolutionProperties) = preSolution
		HideSolutionNode = FALSE
	EndGlobalSection
	GlobalSection(ExtensibilityGlobals) = postSolution
		SolutionGuid = {31E3A429-645A-455D-AC8B-9E3CFA6D5CC5}
	EndGlobalSection
EndGlobal
